// !$*UTF8*$!
{
	archiveVersion = 1;
	classes = {
	};
	objectVersion = 46;
	objects = {

/* Begin PBXBuildFile section */
		E93C6EDC15D97A3E00505EBB /* DFSGenerator.h in Headers */ = {isa = PBXBuildFile; fileRef = E93C6EDA15D97A3E00505EBB /* DFSGenerator.h */; };
		E93C6EDD15D97A3E00505EBB /* DFSGenerator.m in Sources */ = {isa = PBXBuildFile; fileRef = E93C6EDB15D97A3E00505EBB /* DFSGenerator.m */; };
		E97E5B4315D597F20062AB45 /* Cocoa.framework in Frameworks */ = {isa = PBXBuildFile; fileRef = E97E5B4215D597F20062AB45 /* Cocoa.framework */; };
		E97E5B4515D597F20062AB45 /* ScreenSaver.framework in Frameworks */ = {isa = PBXBuildFile; fileRef = E97E5B4415D597F20062AB45 /* ScreenSaver.framework */; };
		E97E5B4F15D597F20062AB45 /* InfoPlist.strings in Resources */ = {isa = PBXBuildFile; fileRef = E97E5B4D15D597F20062AB45 /* InfoPlist.strings */; };
		E97E5B5315D597F20062AB45 /* LabyrinthView.m in Sources */ = {isa = PBXBuildFile; fileRef = E97E5B5215D597F20062AB45 /* LabyrinthView.m */; };
		E97E5B5A15D598290062AB45 /* Configure.xib in Resources */ = {isa = PBXBuildFile; fileRef = E97E5B5915D598290062AB45 /* Configure.xib */; };
		E97E5B5E15D59E120062AB45 /* defaults.plist in Resources */ = {isa = PBXBuildFile; fileRef = E97E5B5D15D59E120062AB45 /* defaults.plist */; };
/* End PBXBuildFile section */

/* Begin PBXContainerItemProxy section */
		E97E5BB215D5A5F80062AB45 /* PBXContainerItemProxy */ = {
			isa = PBXContainerItemProxy;
			containerPortal = E97E5BAE15D5A5F80062AB45 /* Labyrinth Saver Laby Maker.xcodeproj */;
			proxyType = 2;
			remoteGlobalIDString = E97E5B8A15D5A5F70062AB45;
			remoteInfo = "Labyrinth Saver Laby Maker";
		};
/* End PBXContainerItemProxy section */

/* Begin PBXFileReference section */
		E93C6EDA15D97A3E00505EBB /* DFSGenerator.h */ = {isa = PBXFileReference; fileEncoding = 4; lastKnownFileType = sourcecode.c.h; path = DFSGenerator.h; sourceTree = "<group>"; };
		E93C6EDB15D97A3E00505EBB /* DFSGenerator.m */ = {isa = PBXFileReference; fileEncoding = 4; lastKnownFileType = sourcecode.c.objc; path = DFSGenerator.m; sourceTree = "<group>"; };
		E97E5B3F15D597F20062AB45 /* Labyrinth.saver */ = {isa = PBXFileReference; explicitFileType = wrapper.cfbundle; includeInIndex = 0; path = Labyrinth.saver; sourceTree = BUILT_PRODUCTS_DIR; };
		E97E5B4215D597F20062AB45 /* Cocoa.framework */ = {isa = PBXFileReference; lastKnownFileType = wrapper.framework; name = Cocoa.framework; path = System/Library/Frameworks/Cocoa.framework; sourceTree = SDKROOT; };
		E97E5B4415D597F20062AB45 /* ScreenSaver.framework */ = {isa = PBXFileReference; lastKnownFileType = wrapper.framework; name = ScreenSaver.framework; path = System/Library/Frameworks/ScreenSaver.framework; sourceTree = SDKROOT; };
		E97E5B4715D597F20062AB45 /* AppKit.framework */ = {isa = PBXFileReference; lastKnownFileType = wrapper.framework; name = AppKit.framework; path = System/Library/Frameworks/AppKit.framework; sourceTree = SDKROOT; };
		E97E5B4815D597F20062AB45 /* CoreData.framework */ = {isa = PBXFileReference; lastKnownFileType = wrapper.framework; name = CoreData.framework; path = System/Library/Frameworks/CoreData.framework; sourceTree = SDKROOT; };
		E97E5B4915D597F20062AB45 /* Foundation.framework */ = {isa = PBXFileReference; lastKnownFileType = wrapper.framework; name = Foundation.framework; path = System/Library/Frameworks/Foundation.framework; sourceTree = SDKROOT; };
		E97E5B4C15D597F20062AB45 /* Labyrinth-Info.plist */ = {isa = PBXFileReference; lastKnownFileType = text.plist.xml; path = "Labyrinth-Info.plist"; sourceTree = "<group>"; };
		E97E5B4E15D597F20062AB45 /* en */ = {isa = PBXFileReference; lastKnownFileType = text.plist.strings; name = en; path = en.lproj/InfoPlist.strings; sourceTree = "<group>"; };
		E97E5B5015D597F20062AB45 /* Labyrinth-Prefix.pch */ = {isa = PBXFileReference; lastKnownFileType = sourcecode.c.h; path = "Labyrinth-Prefix.pch"; sourceTree = "<group>"; };
		E97E5B5115D597F20062AB45 /* LabyrinthView.h */ = {isa = PBXFileReference; lastKnownFileType = sourcecode.c.h; path = LabyrinthView.h; sourceTree = "<group>"; };
		E97E5B5215D597F20062AB45 /* LabyrinthView.m */ = {isa = PBXFileReference; lastKnownFileType = sourcecode.c.objc; path = LabyrinthView.m; sourceTree = "<group>"; };
		E97E5B5915D598290062AB45 /* Configure.xib */ = {isa = PBXFileReference; fileEncoding = 4; lastKnownFileType = file.xib; path = Configure.xib; sourceTree = "<group>"; };
		E97E5B5D15D59E120062AB45 /* defaults.plist */ = {isa = PBXFileReference; fileEncoding = 4; lastKnownFileType = text.plist.xml; path = defaults.plist; sourceTree = "<group>"; };
		E97E5BAE15D5A5F80062AB45 /* Labyrinth Saver Laby Maker.xcodeproj */ = {isa = PBXFileReference; lastKnownFileType = "wrapper.pb-project"; name = "Labyrinth Saver Laby Maker.xcodeproj"; path = "Labyrinth Saver Laby Maker/Labyrinth Saver Laby Maker.xcodeproj"; sourceTree = "<group>"; };
/* End PBXFileReference section */

/* Begin PBXFrameworksBuildPhase section */
		E97E5B3A15D597F20062AB45 /* Frameworks */ = {
			isa = PBXFrameworksBuildPhase;
			buildActionMask = 2147483647;
			files = (
				E97E5B4315D597F20062AB45 /* Cocoa.framework in Frameworks */,
				E97E5B4515D597F20062AB45 /* ScreenSaver.framework in Frameworks */,
			);
			runOnlyForDeploymentPostprocessing = 0;
		};
/* End PBXFrameworksBuildPhase section */

/* Begin PBXGroup section */
		E97E5B3215D597F20062AB45 = {
			isa = PBXGroup;
			children = (
				E97E5BAE15D5A5F80062AB45 /* Labyrinth Saver Laby Maker.xcodeproj */,
				E97E5B4A15D597F20062AB45 /* Labyrinth */,
				E97E5B4115D597F20062AB45 /* Frameworks */,
				E97E5B4015D597F20062AB45 /* Products */,
			);
			sourceTree = "<group>";
		};
		E97E5B4015D597F20062AB45 /* Products */ = {
			isa = PBXGroup;
			children = (
				E97E5B3F15D597F20062AB45 /* Labyrinth.saver */,
			);
			name = Products;
			sourceTree = "<group>";
		};
		E97E5B4115D597F20062AB45 /* Frameworks */ = {
			isa = PBXGroup;
			children = (
				E97E5B4215D597F20062AB45 /* Cocoa.framework */,
				E97E5B4415D597F20062AB45 /* ScreenSaver.framework */,
				E97E5B4615D597F20062AB45 /* Other Frameworks */,
			);
			name = Frameworks;
			sourceTree = "<group>";
		};
		E97E5B4615D597F20062AB45 /* Other Frameworks */ = {
			isa = PBXGroup;
			children = (
				E97E5B4715D597F20062AB45 /* AppKit.framework */,
				E97E5B4815D597F20062AB45 /* CoreData.framework */,
				E97E5B4915D597F20062AB45 /* Foundation.framework */,
			);
			name = "Other Frameworks";
			sourceTree = "<group>";
		};
		E97E5B4A15D597F20062AB45 /* Labyrinth */ = {
			isa = PBXGroup;
			children = (
				E93C6EDA15D97A3E00505EBB /* DFSGenerator.h */,
				E93C6EDB15D97A3E00505EBB /* DFSGenerator.m */,
				E97E5B5115D597F20062AB45 /* LabyrinthView.h */,
				E97E5B5215D597F20062AB45 /* LabyrinthView.m */,
				E97E5B4B15D597F20062AB45 /* Supporting Files */,
			);
			path = Labyrinth;
			sourceTree = "<group>";
		};
		E97E5B4B15D597F20062AB45 /* Supporting Files */ = {
			isa = PBXGroup;
			children = (
				E97E5B4C15D597F20062AB45 /* Labyrinth-Info.plist */,
				E97E5B4D15D597F20062AB45 /* InfoPlist.strings */,
				E97E5B5015D597F20062AB45 /* Labyrinth-Prefix.pch */,
				E97E5B5915D598290062AB45 /* Configure.xib */,
				E97E5B5D15D59E120062AB45 /* defaults.plist */,
			);
			name = "Supporting Files";
			sourceTree = "<group>";
		};
		E97E5BAF15D5A5F80062AB45 /* Products */ = {
			isa = PBXGroup;
			children = (
				E97E5BB315D5A5F80062AB45 /* Labyrinth Saver Laby Maker.app */,
			);
			name = Products;
			sourceTree = "<group>";
		};
/* End PBXGroup section */

/* Begin PBXHeadersBuildPhase section */
		E97E5B3B15D597F20062AB45 /* Headers */ = {
			isa = PBXHeadersBuildPhase;
			buildActionMask = 2147483647;
			files = (
				E93C6EDC15D97A3E00505EBB /* DFSGenerator.h in Headers */,
			);
			runOnlyForDeploymentPostprocessing = 0;
		};
/* End PBXHeadersBuildPhase section */

/* Begin PBXNativeTarget section */
		E97E5B3E15D597F20062AB45 /* Labyrinth */ = {
			isa = PBXNativeTarget;
			buildConfigurationList = E97E5B5615D597F20062AB45 /* Build configuration list for PBXNativeTarget "Labyrinth" */;
			buildPhases = (
				E97E5B3915D597F20062AB45 /* Sources */,
				E97E5B3A15D597F20062AB45 /* Frameworks */,
				E97E5B3B15D597F20062AB45 /* Headers */,
				E97E5B3C15D597F20062AB45 /* Resources */,
				E97E5B3D15D597F20062AB45 /* Rez */,
			);
			buildRules = (
			);
			dependencies = (
			);
			name = Labyrinth;
			productName = Labyrinth;
			productReference = E97E5B3F15D597F20062AB45 /* Labyrinth.saver */;
			productType = "com.apple.product-type.bundle";
		};
/* End PBXNativeTarget section */

/* Begin PBXProject section */
		E97E5B3415D597F20062AB45 /* Project object */ = {
			isa = PBXProject;
			attributes = {
				LastUpgradeCheck = 0440;
				ORGANIZATIONNAME = "Thomas Abplanalp";
			};
			buildConfigurationList = E97E5B3715D597F20062AB45 /* Build configuration list for PBXProject "Labyrinth" */;
			compatibilityVersion = "Xcode 3.2";
			developmentRegion = English;
			hasScannedForEncodings = 0;
			knownRegions = (
				en,
			);
			mainGroup = E97E5B3215D597F20062AB45;
			productRefGroup = E97E5B4015D597F20062AB45 /* Products */;
			projectDirPath = "";
			projectReferences = (
				{
					ProductGroup = E97E5BAF15D5A5F80062AB45 /* Products */;
					ProjectRef = E97E5BAE15D5A5F80062AB45 /* Labyrinth Saver Laby Maker.xcodeproj */;
				},
			);
			projectRoot = "";
			targets = (
				E97E5B3E15D597F20062AB45 /* Labyrinth */,
			);
		};
/* End PBXProject section */

/* Begin PBXReferenceProxy section */
		E97E5BB315D5A5F80062AB45 /* Labyrinth Saver Laby Maker.app */ = {
			isa = PBXReferenceProxy;
			fileType = wrapper.application;
			path = "Labyrinth Saver Laby Maker.app";
			remoteRef = E97E5BB215D5A5F80062AB45 /* PBXContainerItemProxy */;
			sourceTree = BUILT_PRODUCTS_DIR;
		};
/* End PBXReferenceProxy section */

/* Begin PBXResourcesBuildPhase section */
		E97E5B3C15D597F20062AB45 /* Resources */ = {
			isa = PBXResourcesBuildPhase;
			buildActionMask = 2147483647;
			files = (
				E97E5B4F15D597F20062AB45 /* InfoPlist.strings in Resources */,
				E97E5B5A15D598290062AB45 /* Configure.xib in Resources */,
				E97E5B5E15D59E120062AB45 /* defaults.plist in Resources */,
			);
			runOnlyForDeploymentPostprocessing = 0;
		};
/* End PBXResourcesBuildPhase section */

/* Begin PBXRezBuildPhase section */
		E97E5B3D15D597F20062AB45 /* Rez */ = {
			isa = PBXRezBuildPhase;
			buildActionMask = 2147483647;
			files = (
			);
			runOnlyForDeploymentPostprocessing = 0;
		};
/* End PBXRezBuildPhase section */

/* Begin PBXSourcesBuildPhase section */
		E97E5B3915D597F20062AB45 /* Sources */ = {
			isa = PBXSourcesBuildPhase;
			buildActionMask = 2147483647;
			files = (
				E97E5B5315D597F20062AB45 /* LabyrinthView.m in Sources */,
				E93C6EDD15D97A3E00505EBB /* DFSGenerator.m in Sources */,
			);
			runOnlyForDeploymentPostprocessing = 0;
		};
/* End PBXSourcesBuildPhase section */

/* Begin PBXVariantGroup section */
		E97E5B4D15D597F20062AB45 /* InfoPlist.strings */ = {
			isa = PBXVariantGroup;
			children = (
				E97E5B4E15D597F20062AB45 /* en */,
			);
			name = InfoPlist.strings;
			sourceTree = "<group>";
		};
/* End PBXVariantGroup section */

/* Begin XCBuildConfiguration section */
		E97E5B5415D597F20062AB45 /* Debug */ = {
			isa = XCBuildConfiguration;
			buildSettings = {
				ALWAYS_SEARCH_USER_PATHS = NO;
				ARCHS = "$(ARCHS_STANDARD_32_64_BIT)";
				CLANG_CXX_LANGUAGE_STANDARD = "gnu++0x";
				CLANG_WARN__DUPLICATE_METHOD_MATCH = YES;
				COPY_PHASE_STRIP = NO;
				GCC_C_LANGUAGE_STANDARD = gnu99;
				GCC_DYNAMIC_NO_PIC = NO;
				GCC_ENABLE_OBJC_EXCEPTIONS = YES;
				GCC_ENABLE_OBJC_GC = supported;
				GCC_OPTIMIZATION_LEVEL = 0;
				GCC_PREPROCESSOR_DEFINITIONS = (
					"DEBUG=1",
					"$(inherited)",
				);
				GCC_SYMBOLS_PRIVATE_EXTERN = NO;
				GCC_WARN_64_TO_32_BIT_CONVERSION = YES;
				GCC_WARN_ABOUT_RETURN_TYPE = YES;
				GCC_WARN_UNINITIALIZED_AUTOS = YES;
				GCC_WARN_UNUSED_VARIABLE = YES;
				MACOSX_DEPLOYMENT_TARGET = 10.7;
				ONLY_ACTIVE_ARCH = YES;
				SDKROOT = macosx10.7;
			};
			name = Debug;
		};
		E97E5B5515D597F20062AB45 /* Release */ = {
			isa = XCBuildConfiguration;
			buildSettings = {
				ALWAYS_SEARCH_USER_PATHS = NO;
				ARCHS = "$(ARCHS_STANDARD_32_64_BIT)";
				CLANG_CXX_LANGUAGE_STANDARD = "gnu++0x";
				CLANG_WARN__DUPLICATE_METHOD_MATCH = YES;
				COPY_PHASE_STRIP = YES;
				DEBUG_INFORMATION_FORMAT = "dwarf-with-dsym";
				GCC_C_LANGUAGE_STANDARD = gnu99;
				GCC_ENABLE_OBJC_EXCEPTIONS = YES;
				GCC_ENABLE_OBJC_GC = supported;
				GCC_WARN_64_TO_32_BIT_CONVERSION = YES;
				GCC_WARN_ABOUT_RETURN_TYPE = YES;
				GCC_WARN_UNINITIALIZED_AUTOS = YES;
				GCC_WARN_UNUSED_VARIABLE = YES;
				MACOSX_DEPLOYMENT_TARGET = 10.7;
				SDKROOT = macosx10.7;
			};
			name = Release;
		};
		E97E5B5715D597F20062AB45 /* Debug */ = {
			isa = XCBuildConfiguration;
			buildSettings = {
				ARCHS = "$(ARCHS_STANDARD_64_BIT)";
				COMBINE_HIDPI_IMAGES = YES;
				GCC_PRECOMPILE_PREFIX_HEADER = YES;
				GCC_PREFIX_HEADER = "Labyrinth/Labyrinth-Prefix.pch";
				INFOPLIST_FILE = "Labyrinth/Labyrinth-Info.plist";
				INSTALL_PATH = "$(HOME)/Library/Screen Savers";
				MACOSX_DEPLOYMENT_TARGET = 10.7;
				ONLY_ACTIVE_ARCH = NO;
				PRODUCT_NAME = "$(TARGET_NAME)";
				SDKROOT = macosx10.7;
				WRAPPER_EXTENSION = saver;
			};
			name = Debug;
		};
		E97E5B5815D597F20062AB45 /* Release */ = {
			isa = XCBuildConfiguration;
			buildSettings = {
				ARCHS = "$(ARCHS_STANDARD_64_BIT)";
				COMBINE_HIDPI_IMAGES = YES;
				GCC_PRECOMPILE_PREFIX_HEADER = YES;
				GCC_PREFIX_HEADER = "Labyrinth/Labyrinth-Prefix.pch";
				INFOPLIST_FILE = "Labyrinth/Labyrinth-Info.plist";
				INSTALL_PATH = "$(HOME)/Library/Screen Savers";
				MACOSX_DEPLOYMENT_TARGET = 10.7;
				ONLY_ACTIVE_ARCH = NO;
				PRODUCT_NAME = "$(TARGET_NAME)";
				SDKROOT = macosx10.7;
				WRAPPER_EXTENSION = saver;
			};
			name = Release;
		};
/* End XCBuildConfiguration section */

/* Begin XCConfigurationList section */
		E97E5B3715D597F20062AB45 /* Build configuration list for PBXProject "Labyrinth" */ = {
			isa = XCConfigurationList;
			buildConfigurations = (
				E97E5B5415D597F20062AB45 /* Debug */,
				E97E5B5515D597F20062AB45 /* Release */,
			);
			defaultConfigurationIsVisible = 0;
			defaultConfigurationName = Release;
		};
		E97E5B5615D597F20062AB45 /* Build configuration list for PBXNativeTarget "Labyrinth" */ = {
			isa = XCConfigurationList;
			buildConfigurations = (
				E97E5B5715D597F20062AB45 /* Debug */,
				E97E5B5815D597F20062AB45 /* Release */,
			);
			defaultConfigurationIsVisible = 0;
			defaultConfigurationName = Release;
		};
/* End XCConfigurationList section */
	};
	rootObject = E97E5B3415D597F20062AB45 /* Project object */;
}
